
Microsoft Visual Studio Solution File, Format Version 12.00
# Visual Studio Version 16
VisualStudioVersion = 16.0.31702.278
MinimumVisualStudioVersion = 10.0.40219.1
Project("{FAE04EC0-301F-11D3-BF4B-00C04F79EFBC}") = "Entidades", "Entidades\Entidades.csproj", "{3446F19A-0FBA-4136-80A9-0C1C96ADBEAE}"
EndProject
Project("{FAE04EC0-301F-11D3-BF4B-00C04F79EFBC}") = "Dal", "Dal\Dal.csproj", "{D95CC219-0EB6-4C80-AC93-66DE474331F5}"
EndProject
Project("{FAE04EC0-301F-11D3-BF4B-00C04F79EFBC}") = "WebAPI", "WebAPI\WebAPI.csproj", "{C1242C2F-20EA-4B77-A099-B5F81AB1CED1}"
EndProject
Global
	GlobalSection(SolutionConfigurationPlatforms) = preSolution
		Debug|Any CPU = Debug|Any CPU
		Release|Any CPU = Release|Any CPU
	EndGlobalSection
	GlobalSection(ProjectConfigurationPlatforms) = postSolution
		{3446F19A-0FBA-4136-80A9-0C1C96ADBEAE}.Debug|Any CPU.ActiveCfg = Debug|Any CPU
		{3446F19A-0FBA-4136-80A9-0C1C96ADBEAE}.Debug|Any CPU.Build.0 = Debug|Any CPU
		{3446F19A-0FBA-4136-80A9-0C1C96ADBEAE}.Release|Any CPU.ActiveCfg = Release|Any CPU
		{3446F19A-0FBA-4136-80A9-0C1C96ADBEAE}.Release|Any CPU.Build.0 = Release|Any CPU
		{D95CC219-0EB6-4C80-AC93-66DE474331F5}.Debug|Any CPU.ActiveCfg = Debug|Any CPU
		{D95CC219-0EB6-4C80-AC93-66DE474331F5}.Debug|Any CPU.Build.0 = Debug|Any CPU
		{D95CC219-0EB6-4C80-AC93-66DE474331F5}.Release|Any CPU.ActiveCfg = Release|Any CPU
		{D95CC219-0EB6-4C80-AC93-66DE474331F5}.Release|Any CPU.Build.0 = Release|Any CPU
		{C1242C2F-20EA-4B77-A099-B5F81AB1CED1}.Debug|Any CPU.ActiveCfg = Debug|Any CPU
		{C1242C2F-20EA-4B77-A099-B5F81AB1CED1}.Debug|Any CPU.Build.0 = Debug|Any CPU
		{C1242C2F-20EA-4B77-A099-B5F81AB1CED1}.Release|Any CPU.ActiveCfg = Release|Any CPU
		{C1242C2F-20EA-4B77-A099-B5F81AB1CED1}.Release|Any CPU.Build.0 = Release|Any CPU
	EndGlobalSection
	GlobalSection(SolutionProperties) = preSolution
		HideSolutionNode = FALSE
	EndGlobalSection
	GlobalSection(ExtensibilityGlobals) = postSolution
		SolutionGuid = {0784D63C-8974-4EFF-B325-EB0777103ED8}
	EndGlobalSection
EndGlobal
